Microsoft Visual Studio Solution File, Format Version 11.00
# Visual Studio 2008

Project("{97D956F0-1E56-A737-357B-7A561F71DD7D}") = "Fex Clone", "Assembly-CSharp-firstpass.csproj", "{F1DF35B5-FE6E-AF13-3187-4AC1A2504AE8}"
EndProject
Project("{97D956F0-1E56-A737-357B-7A561F71DD7D}") = "Fex Clone", "Assembly-CSharp-Editor.csproj", "{9C87E218-0AA9-5FBC-1E86-125EE2CBF862}"
EndProject
Global
	GlobalSection(SolutionConfigurationPlatforms) = preSolution
		Debug|Any CPU = Debug|Any CPU
		Release|Any CPU = Release|Any CPU
	EndGlobalSection
	GlobalSection(ProjectConfigurationPlatforms) = postSolution
		{F1DF35B5-FE6E-AF13-3187-4AC1A2504AE8}.Debug|Any CPU.ActiveCfg = Debug|Any CPU
		{F1DF35B5-FE6E-AF13-3187-4AC1A2504AE8}.Debug|Any CPU.Build.0 = Debug|Any CPU
		{F1DF35B5-FE6E-AF13-3187-4AC1A2504AE8}.Release|Any CPU.ActiveCfg = Release|Any CPU
		{F1DF35B5-FE6E-AF13-3187-4AC1A2504AE8}.Release|Any CPU.Build.0 = Release|Any CPU
		{9C87E218-0AA9-5FBC-1E86-125EE2CBF862}.Debug|Any CPU.ActiveCfg = Debug|Any CPU
		{9C87E218-0AA9-5FBC-1E86-125EE2CBF862}.Debug|Any CPU.Build.0 = Debug|Any CPU
		{9C87E218-0AA9-5FBC-1E86-125EE2CBF862}.Release|Any CPU.ActiveCfg = Release|Any CPU
		{9C87E218-0AA9-5FBC-1E86-125EE2CBF862}.Release|Any CPU.Build.0 = Release|Any CPU
	EndGlobalSection
	GlobalSection(SolutionProperties) = preSolution
		HideSolutionNode = FALSE
	EndGlobalSection
											GlobalSection(MonoDevelopProperties) = preSolution
		StartupItem = Assembly-CSharp.csproj
		Policies = $0
		$0.TextStylePolicy = $1
		$1.inheritsSet = null
		$1.scope = text/x-csharp
		$0.CSharpFormattingPolicy = $2
		$2.inheritsSet = Mono
		$2.inheritsScope = text/x-csharp
		$2.scope = text/x-csharp
		$0.TextStylePolicy = $3
		$3.FileWidth = 120
		$3.TabWidth = 4
		$3.IndentWidth = 4
		$3.EolMarker = Unix
		$3.inheritsSet = Mono
		$3.inheritsScope = text/plain
		$3.scope = text/plain
	EndGlobalSection

EndGlobal
